
Microsoft Visual Studio Solution File, Format Version 12.00
# Visual Studio Version 17
VisualStudioVersion = 17.2.32616.157
MinimumVisualStudioVersion = 10.0.40219.1
Project("{FAE04EC0-301F-11D3-BF4B-00C04F79EFBC}") = "MessageBox_Buttons", "MessageBox_Buttons\MessageBox_Buttons.csproj", "{453E46CF-5410-4412-B6D7-FAF5129EFBCC}"
EndProject
Global
	GlobalSection(SolutionConfigurationPlatforms) = preSolution
		Debug|Any CPU = Debug|Any CPU
		Release|Any CPU = Release|Any CPU
	EndGlobalSection
	GlobalSection(ProjectConfigurationPlatforms) = postSolution
		{453E46CF-5410-4412-B6D7-FAF5129EFBCC}.Debug|Any CPU.ActiveCfg = Debug|Any CPU
		{453E46CF-5410-4412-B6D7-FAF5129EFBCC}.Debug|Any CPU.Build.0 = Debug|Any CPU
		{453E46CF-5410-4412-B6D7-FAF5129EFBCC}.Release|Any CPU.ActiveCfg = Release|Any CPU
		{453E46CF-5410-4412-B6D7-FAF5129EFBCC}.Release|Any CPU.Build.0 = Release|Any CPU
	EndGlobalSection
	GlobalSection(SolutionProperties) = preSolution
		HideSolutionNode = FALSE
	EndGlobalSection
	GlobalSection(ExtensibilityGlobals) = postSolution
		SolutionGuid = {44445951-50ED-4AA1-AF7B-0811C1A00B39}
	EndGlobalSection
EndGlobal
